
Microsoft Visual Studio Solution File, Format Version 12.00
# Visual Studio Version 17
VisualStudioVersion = 17.14.36310.24 d17.14
MinimumVisualStudioVersion = 10.0.40219.1
Project("{FAE04EC0-301F-11D3-BF4B-00C04F79EFBC}") = "DatabaseDemo", "DatabaseDemo\DatabaseDemo.csproj", "{D75ED79E-A5CF-413B-ACD7-000775A3AC5D}"
EndProject
Global
	GlobalSection(SolutionConfigurationPlatforms) = preSolution
		Debug|Any CPU = Debug|Any CPU
		Release|Any CPU = Release|Any CPU
	EndGlobalSection
	GlobalSection(ProjectConfigurationPlatforms) = postSolution
		{D75ED79E-A5CF-413B-ACD7-000775A3AC5D}.Debug|Any CPU.ActiveCfg = Debug|Any CPU
		{D75ED79E-A5CF-413B-ACD7-000775A3AC5D}.Debug|Any CPU.Build.0 = Debug|Any CPU
		{D75ED79E-A5CF-413B-ACD7-000775A3AC5D}.Release|Any CPU.ActiveCfg = Release|Any CPU
		{D75ED79E-A5CF-413B-ACD7-000775A3AC5D}.Release|Any CPU.Build.0 = Release|Any CPU
	EndGlobalSection
	GlobalSection(SolutionProperties) = preSolution
		HideSolutionNode = FALSE
	EndGlobalSection
	GlobalSection(ExtensibilityGlobals) = postSolution
		SolutionGuid = {1C5DB944-5416-4E93-8CFA-10E2A59104C0}
	EndGlobalSection
EndGlobal
